
Microsoft Visual Studio Solution File, Format Version 12.00
# Visual Studio Version 17
VisualStudioVersion = 17.11.35327.3
MinimumVisualStudioVersion = 10.0.40219.1
Project("{FAE04EC0-301F-11D3-BF4B-00C04F79EFBC}") = "WebApplicationDotNet", "WebApplicationDotNet\WebApplicationDotNet.csproj", "{502B3192-5626-4B21-97F0-B59FAD530484}"
EndProject
Global
	GlobalSection(SolutionConfigurationPlatforms) = preSolution
		Debug|Any CPU = Debug|Any CPU
		Release|Any CPU = Release|Any CPU
	EndGlobalSection
	GlobalSection(ProjectConfigurationPlatforms) = postSolution
		{502B3192-5626-4B21-97F0-B59FAD530484}.Debug|Any CPU.ActiveCfg = Debug|Any CPU
		{502B3192-5626-4B21-97F0-B59FAD530484}.Debug|Any CPU.Build.0 = Debug|Any CPU
		{502B3192-5626-4B21-97F0-B59FAD530484}.Release|Any CPU.ActiveCfg = Release|Any CPU
		{502B3192-5626-4B21-97F0-B59FAD530484}.Release|Any CPU.Build.0 = Release|Any CPU
	EndGlobalSection
	GlobalSection(SolutionProperties) = preSolution
		HideSolutionNode = FALSE
	EndGlobalSection
	GlobalSection(ExtensibilityGlobals) = postSolution
		SolutionGuid = {0807B8B7-3DC8-4051-A803-4DBDD1FE5F23}
	EndGlobalSection
EndGlobal
